// !$*UTF8*$!
{
	archiveVersion = 1;
	classes = {
	};
	objectVersion = 46;
	objects = {

/* Begin PBXBuildFile section */
		707CB96314E58257004431B2 /* UIKit.framework in Frameworks */ = {isa = PBXBuildFile; fileRef = 707CB96214E58257004431B2 /* UIKit.framework */; };
		707CB96514E58257004431B2 /* Foundation.framework in Frameworks */ = {isa = PBXBuildFile; fileRef = 707CB96414E58257004431B2 /* Foundation.framework */; };
		707CB96714E58257004431B2 /* CoreGraphics.framework in Frameworks */ = {isa = PBXBuildFile; fileRef = 707CB96614E58257004431B2 /* CoreGraphics.framework */; };
		707CB96D14E58257004431B2 /* InfoPlist.strings in Resources */ = {isa = PBXBuildFile; fileRef = 707CB96B14E58257004431B2 /* InfoPlist.strings */; };
		707CB96F14E58257004431B2 /* main.m in Sources */ = {isa = PBXBuildFile; fileRef = 707CB96E14E58257004431B2 /* main.m */; };
		707CB97314E58257004431B2 /* AppDelegate.m in Sources */ = {isa = PBXBuildFile; fileRef = 707CB97214E58257004431B2 /* AppDelegate.m */; };
		707CB97614E58257004431B2 /* ViewController.m in Sources */ = {isa = PBXBuildFile; fileRef = 707CB97514E58257004431B2 /* ViewController.m */; };
		707CB97914E58257004431B2 /* ViewController.xib in Resources */ = {isa = PBXBuildFile; fileRef = 707CB97714E58257004431B2 /* ViewController.xib */; };
		707CB98114E58285004431B2 /* OWTapTempoViewController.m in Sources */ = {isa = PBXBuildFile; fileRef = 707CB98014E58285004431B2 /* OWTapTempoViewController.m */; };
		707CB99014E67D71004431B2 /* AudioToolbox.framework in Frameworks */ = {isa = PBXBuildFile; fileRef = 707CB98F14E67D71004431B2 /* AudioToolbox.framework */; };
		707CB99714E67FFB004431B2 /* CB.caf in Resources */ = {isa = PBXBuildFile; fileRef = 707CB99614E67FFB004431B2 /* CB.caf */; };
		70CFC92514E850120085D8DD /* ModalViewController.m in Sources */ = {isa = PBXBuildFile; fileRef = 70CFC92314E850120085D8DD /* ModalViewController.m */; };
		70CFC92614E850120085D8DD /* ModalViewController.xib in Resources */ = {isa = PBXBuildFile; fileRef = 70CFC92414E850120085D8DD /* ModalViewController.xib */; };
		70CFC93614EAB67F0085D8DD /* RoundBlueButton.png in Resources */ = {isa = PBXBuildFile; fileRef = 70CFC93514EAB67F0085D8DD /* RoundBlueButton.png */; };
/* End PBXBuildFile section */

/* Begin PBXFileReference section */
		707CB95E14E58257004431B2 /* OWTapTempoViewControllerDemo.app */ = {isa = PBXFileReference; explicitFileType = wrapper.application; includeInIndex = 0; path = OWTapTempoViewControllerDemo.app; sourceTree = BUILT_PRODUCTS_DIR; };
		707CB96214E58257004431B2 /* UIKit.framework */ = {isa = PBXFileReference; lastKnownFileType = wrapper.framework; name = UIKit.framework; path = System/Library/Frameworks/UIKit.framework; sourceTree = SDKROOT; };
		707CB96414E58257004431B2 /* Foundation.framework */ = {isa = PBXFileReference; lastKnownFileType = wrapper.framework; name = Foundation.framework; path = System/Library/Frameworks/Foundation.framework; sourceTree = SDKROOT; };
		707CB96614E58257004431B2 /* CoreGraphics.framework */ = {isa = PBXFileReference; lastKnownFileType = wrapper.framework; name = CoreGraphics.framework; path = System/Library/Frameworks/CoreGraphics.framework; sourceTree = SDKROOT; };
		707CB96A14E58257004431B2 /* OWTapTempoViewControllerDemo-Info.plist */ = {isa = PBXFileReference; lastKnownFileType = text.plist.xml; path = "OWTapTempoViewControllerDemo-Info.plist"; sourceTree = "<group>"; };
		707CB96C14E58257004431B2 /* en */ = {isa = PBXFileReference; lastKnownFileType = text.plist.strings; name = en; path = en.lproj/InfoPlist.strings; sourceTree = "<group>"; };
		707CB96E14E58257004431B2 /* main.m */ = {isa = PBXFileReference; lastKnownFileType = sourcecode.c.objc; path = main.m; sourceTree = "<group>"; };
		707CB97014E58257004431B2 /* OWTapTempoViewControllerDemo-Prefix.pch */ = {isa = PBXFileReference; lastKnownFileType = sourcecode.c.h; path = "OWTapTempoViewControllerDemo-Prefix.pch"; sourceTree = "<group>"; };
		707CB97114E58257004431B2 /* AppDelegate.h */ = {isa = PBXFileReference; lastKnownFileType = sourcecode.c.h; path = AppDelegate.h; sourceTree = "<group>"; };
		707CB97214E58257004431B2 /* AppDelegate.m */ = {isa = PBXFileReference; lastKnownFileType = sourcecode.c.objc; path = AppDelegate.m; sourceTree = "<group>"; };
		707CB97414E58257004431B2 /* ViewController.h */ = {isa = PBXFileReference; lastKnownFileType = sourcecode.c.h; path = ViewController.h; sourceTree = "<group>"; };
		707CB97514E58257004431B2 /* ViewController.m */ = {isa = PBXFileReference; lastKnownFileType = sourcecode.c.objc; path = ViewController.m; sourceTree = "<group>"; };
		707CB97814E58257004431B2 /* en */ = {isa = PBXFileReference; lastKnownFileType = file.xib; name = en; path = en.lproj/ViewController.xib; sourceTree = "<group>"; };
		707CB97F14E58285004431B2 /* OWTapTempoViewController.h */ = {isa = PBXFileReference; fileEncoding = 4; lastKnownFileType = sourcecode.c.h; name = OWTapTempoViewController.h; path = ../../OWTapTempoViewController/OWTapTempoViewController.h; sourceTree = "<group>"; };
		707CB98014E58285004431B2 /* OWTapTempoViewController.m */ = {isa = PBXFileReference; fileEncoding = 4; lastKnownFileType = sourcecode.c.objc; name = OWTapTempoViewController.m; path = ../../OWTapTempoViewController/OWTapTempoViewController.m; sourceTree = "<group>"; };
		707CB98F14E67D71004431B2 /* AudioToolbox.framework */ = {isa = PBXFileReference; lastKnownFileType = wrapper.framework; name = AudioToolbox.framework; path = System/Library/Frameworks/AudioToolbox.framework; sourceTree = SDKROOT; };
		707CB99614E67FFB004431B2 /* CB.caf */ = {isa = PBXFileReference; lastKnownFileType = file; path = CB.caf; sourceTree = "<group>"; };
		70CFC92214E850120085D8DD /* ModalViewController.h */ = {isa = PBXFileReference; fileEncoding = 4; lastKnownFileType = sourcecode.c.h; path = ModalViewController.h; sourceTree = "<group>"; };
		70CFC92314E850120085D8DD /* ModalViewController.m */ = {isa = PBXFileReference; fileEncoding = 4; lastKnownFileType = sourcecode.c.objc; path = ModalViewController.m; sourceTree = "<group>"; };
		70CFC92414E850120085D8DD /* ModalViewController.xib */ = {isa = PBXFileReference; fileEncoding = 4; lastKnownFileType = file.xib; path = ModalViewController.xib; sourceTree = "<group>"; };
		70CFC93514EAB67F0085D8DD /* RoundBlueButton.png */ = {isa = PBXFileReference; lastKnownFileType = image.png; path = RoundBlueButton.png; sourceTree = "<group>"; };
/* End PBXFileReference section */

/* Begin PBXFrameworksBuildPhase section */
		707CB95B14E58257004431B2 /* Frameworks */ = {
			isa = PBXFrameworksBuildPhase;
			buildActionMask = 2147483647;
			files = (
				707CB99014E67D71004431B2 /* AudioToolbox.framework in Frameworks */,
				707CB96314E58257004431B2 /* UIKit.framework in Frameworks */,
				707CB96514E58257004431B2 /* Foundation.framework in Frameworks */,
				707CB96714E58257004431B2 /* CoreGraphics.framework in Frameworks */,
			);
			runOnlyForDeploymentPostprocessing = 0;
		};
/* End PBXFrameworksBuildPhase section */

/* Begin PBXGroup section */
		707CB95314E58257004431B2 = {
			isa = PBXGroup;
			children = (
				707CB96814E58257004431B2 /* OWTapTempoViewControllerDemo */,
				707CB96114E58257004431B2 /* Frameworks */,
				707CB95F14E58257004431B2 /* Products */,
			);
			sourceTree = "<group>";
		};
		707CB95F14E58257004431B2 /* Products */ = {
			isa = PBXGroup;
			children = (
				707CB95E14E58257004431B2 /* OWTapTempoViewControllerDemo.app */,
			);
			name = Products;
			sourceTree = "<group>";
		};
		707CB96114E58257004431B2 /* Frameworks */ = {
			isa = PBXGroup;
			children = (
				707CB98F14E67D71004431B2 /* AudioToolbox.framework */,
				707CB96214E58257004431B2 /* UIKit.framework */,
				707CB96414E58257004431B2 /* Foundation.framework */,
				707CB96614E58257004431B2 /* CoreGraphics.framework */,
			);
			name = Frameworks;
			sourceTree = "<group>";
		};
		707CB96814E58257004431B2 /* OWTapTempoViewControllerDemo */ = {
			isa = PBXGroup;
			children = (
				70CFC93514EAB67F0085D8DD /* RoundBlueButton.png */,
				707CB99614E67FFB004431B2 /* CB.caf */,
				707CB97114E58257004431B2 /* AppDelegate.h */,
				707CB97214E58257004431B2 /* AppDelegate.m */,
				707CB97414E58257004431B2 /* ViewController.h */,
				707CB97514E58257004431B2 /* ViewController.m */,
				707CB97714E58257004431B2 /* ViewController.xib */,
				70CFC92214E850120085D8DD /* ModalViewController.h */,
				70CFC92314E850120085D8DD /* ModalViewController.m */,
				70CFC92414E850120085D8DD /* ModalViewController.xib */,
				707CB96914E58257004431B2 /* Supporting Files */,
				707CB97F14E58285004431B2 /* OWTapTempoViewController.h */,
				707CB98014E58285004431B2 /* OWTapTempoViewController.m */,
			);
			path = OWTapTempoViewControllerDemo;
			sourceTree = "<group>";
		};
		707CB96914E58257004431B2 /* Supporting Files */ = {
			isa = PBXGroup;
			children = (
				707CB96A14E58257004431B2 /* OWTapTempoViewControllerDemo-Info.plist */,
				707CB96B14E58257004431B2 /* InfoPlist.strings */,
				707CB96E14E58257004431B2 /* main.m */,
				707CB97014E58257004431B2 /* OWTapTempoViewControllerDemo-Prefix.pch */,
			);
			name = "Supporting Files";
			sourceTree = "<group>";
		};
/* End PBXGroup section */

/* Begin PBXNativeTarget section */
		707CB95D14E58257004431B2 /* OWTapTempoViewControllerDemo */ = {
			isa = PBXNativeTarget;
			buildConfigurationList = 707CB97C14E58257004431B2 /* Build configuration list for PBXNativeTarget "OWTapTempoViewControllerDemo" */;
			buildPhases = (
				707CB95A14E58257004431B2 /* Sources */,
				707CB95B14E58257004431B2 /* Frameworks */,
				707CB95C14E58257004431B2 /* Resources */,
			);
			buildRules = (
			);
			dependencies = (
			);
			name = OWTapTempoViewControllerDemo;
			productName = OWTapTempoViewControllerDemo;
			productReference = 707CB95E14E58257004431B2 /* OWTapTempoViewControllerDemo.app */;
			productType = "com.apple.product-type.application";
		};
/* End PBXNativeTarget section */

/* Begin PBXProject section */
		707CB95514E58257004431B2 /* Project object */ = {
			isa = PBXProject;
			attributes = {
				LastUpgradeCheck = 0420;
			};
			buildConfigurationList = 707CB95814E58257004431B2 /* Build configuration list for PBXProject "OWTapTempoViewControllerDemo" */;
			compatibilityVersion = "Xcode 3.2";
			developmentRegion = English;
			hasScannedForEncodings = 0;
			knownRegions = (
				en,
			);
			mainGroup = 707CB95314E58257004431B2;
			productRefGroup = 707CB95F14E58257004431B2 /* Products */;
			projectDirPath = "";
			projectRoot = "";
			targets = (
				707CB95D14E58257004431B2 /* OWTapTempoViewControllerDemo */,
			);
		};
/* End PBXProject section */

/* Begin PBXResourcesBuildPhase section */
		707CB95C14E58257004431B2 /* Resources */ = {
			isa = PBXResourcesBuildPhase;
			buildActionMask = 2147483647;
			files = (
				707CB96D14E58257004431B2 /* InfoPlist.strings in Resources */,
				707CB97914E58257004431B2 /* ViewController.xib in Resources */,
				707CB99714E67FFB004431B2 /* CB.caf in Resources */,
				70CFC92614E850120085D8DD /* ModalViewController.xib in Resources */,
				70CFC93614EAB67F0085D8DD /* RoundBlueButton.png in Resources */,
			);
			runOnlyForDeploymentPostprocessing = 0;
		};
/* End PBXResourcesBuildPhase section */

/* Begin PBXSourcesBuildPhase section */
		707CB95A14E58257004431B2 /* Sources */ = {
			isa = PBXSourcesBuildPhase;
			buildActionMask = 2147483647;
			files = (
				707CB96F14E58257004431B2 /* main.m in Sources */,
				707CB97314E58257004431B2 /* AppDelegate.m in Sources */,
				707CB97614E58257004431B2 /* ViewController.m in Sources */,
				707CB98114E58285004431B2 /* OWTapTempoViewController.m in Sources */,
				70CFC92514E850120085D8DD /* ModalViewController.m in Sources */,
			);
			runOnlyForDeploymentPostprocessing = 0;
		};
/* End PBXSourcesBuildPhase section */

/* Begin PBXVariantGroup section */
		707CB96B14E58257004431B2 /* InfoPlist.strings */ = {
			isa = PBXVariantGroup;
			children = (
				707CB96C14E58257004431B2 /* en */,
			);
			name = InfoPlist.strings;
			sourceTree = "<group>";
		};
		707CB97714E58257004431B2 /* ViewController.xib */ = {
			isa = PBXVariantGroup;
			children = (
				707CB97814E58257004431B2 /* en */,
			);
			name = ViewController.xib;
			sourceTree = "<group>";
		};
/* End PBXVariantGroup section */

/* Begin XCBuildConfiguration section */
		707CB97A14E58257004431B2 /* Debug */ = {
			isa = XCBuildConfiguration;
			buildSettings = {
				ALWAYS_SEARCH_USER_PATHS = NO;
				ARCHS = "$(ARCHS_STANDARD_32_BIT)";
				"CODE_SIGN_IDENTITY[sdk=iphoneos*]" = "iPhone Developer";
				COPY_PHASE_STRIP = NO;
				GCC_C_LANGUAGE_STANDARD = gnu99;
				GCC_DYNAMIC_NO_PIC = NO;
				GCC_OPTIMIZATION_LEVEL = 0;
				GCC_PREPROCESSOR_DEFINITIONS = (
					"DEBUG=1",
					"$(inherited)",
				);
				GCC_SYMBOLS_PRIVATE_EXTERN = NO;
				GCC_VERSION = com.apple.compilers.llvm.clang.1_0;
				GCC_WARN_ABOUT_MISSING_PROTOTYPES = YES;
				GCC_WARN_ABOUT_RETURN_TYPE = YES;
				GCC_WARN_UNUSED_VARIABLE = YES;
				IPHONEOS_DEPLOYMENT_TARGET = 5.0;
				SDKROOT = iphoneos;
			};
			name = Debug;
		};
		707CB97B14E58257004431B2 /* Release */ = {
			isa = XCBuildConfiguration;
			buildSettings = {
				ALWAYS_SEARCH_USER_PATHS = NO;
				ARCHS = "$(ARCHS_STANDARD_32_BIT)";
				"CODE_SIGN_IDENTITY[sdk=iphoneos*]" = "iPhone Developer";
				COPY_PHASE_STRIP = YES;
				GCC_C_LANGUAGE_STANDARD = gnu99;
				GCC_VERSION = com.apple.compilers.llvm.clang.1_0;
				GCC_WARN_ABOUT_MISSING_PROTOTYPES = YES;
				GCC_WARN_ABOUT_RETURN_TYPE = YES;
				GCC_WARN_UNUSED_VARIABLE = YES;
				IPHONEOS_DEPLOYMENT_TARGET = 5.0;
				OTHER_CFLAGS = "-DNS_BLOCK_ASSERTIONS=1";
				SDKROOT = iphoneos;
				VALIDATE_PRODUCT = YES;
			};
			name = Release;
		};
		707CB97D14E58257004431B2 /* Debug */ = {
			isa = XCBuildConfiguration;
			buildSettings = {
				GCC_PRECOMPILE_PREFIX_HEADER = YES;
				GCC_PREFIX_HEADER = "OWTapTempoViewControllerDemo/OWTapTempoViewControllerDemo-Prefix.pch";
				INFOPLIST_FILE = "OWTapTempoViewControllerDemo/OWTapTempoViewControllerDemo-Info.plist";
				IPHONEOS_DEPLOYMENT_TARGET = 3.0;
				PRODUCT_NAME = "$(TARGET_NAME)";
				WRAPPER_EXTENSION = app;
			};
			name = Debug;
		};
		707CB97E14E58257004431B2 /* Release */ = {
			isa = XCBuildConfiguration;
			buildSettings = {
				GCC_PRECOMPILE_PREFIX_HEADER = YES;
				GCC_PREFIX_HEADER = "OWTapTempoViewControllerDemo/OWTapTempoViewControllerDemo-Prefix.pch";
				INFOPLIST_FILE = "OWTapTempoViewControllerDemo/OWTapTempoViewControllerDemo-Info.plist";
				IPHONEOS_DEPLOYMENT_TARGET = 3.0;
				PRODUCT_NAME = "$(TARGET_NAME)";
				WRAPPER_EXTENSION = app;
			};
			name = Release;
		};
/* End XCBuildConfiguration section */

/* Begin XCConfigurationList section */
		707CB95814E58257004431B2 /* Build configuration list for PBXProject "OWTapTempoViewControllerDemo" */ = {
			isa = XCConfigurationList;
			buildConfigurations = (
				707CB97A14E58257004431B2 /* Debug */,
				707CB97B14E58257004431B2 /* Release */,
			);
			defaultConfigurationIsVisible = 0;
			defaultConfigurationName = Release;
		};
		707CB97C14E58257004431B2 /* Build configuration list for PBXNativeTarget "OWTapTempoViewControllerDemo" */ = {
			isa = XCConfigurationList;
			buildConfigurations = (
				707CB97D14E58257004431B2 /* Debug */,
				707CB97E14E58257004431B2 /* Release */,
			);
			defaultConfigurationIsVisible = 0;
			defaultConfigurationName = Release;
		};
/* End XCConfigurationList section */
	};
	rootObject = 707CB95514E58257004431B2 /* Project object */;
}
